
Microsoft Visual Studio Solution File, Format Version 12.00
# Visual Studio Version 17
VisualStudioVersion = 17.8.34511.84
MinimumVisualStudioVersion = 10.0.40219.1
Project("{9A19103F-16F7-4668-BE54-9A1E7A4F7556}") = "StoreManagement", "StoreManagement\StoreManagement.csproj", "{55F9BA0B-570F-4A9F-9E51-DFCB9E540760}"
EndProject
Project("{FAE04EC0-301F-11D3-BF4B-00C04F79EFBC}") = "DataAccessLayer", "DataAccessLayer\DataAccessLayer.csproj", "{40D4A185-8409-407B-83CA-FD983DF04833}"
EndProject
Project("{FAE04EC0-301F-11D3-BF4B-00C04F79EFBC}") = "Interfaces", "Interfaces\Interfaces.csproj", "{F8A3F8E7-975B-4A5C-89A1-5148DDD97257}"
EndProject
Global
	GlobalSection(SolutionConfigurationPlatforms) = preSolution
		Debug|Any CPU = Debug|Any CPU
		Release|Any CPU = Release|Any CPU
	EndGlobalSection
	GlobalSection(ProjectConfigurationPlatforms) = postSolution
		{55F9BA0B-570F-4A9F-9E51-DFCB9E540760}.Debug|Any CPU.ActiveCfg = Debug|Any CPU
		{55F9BA0B-570F-4A9F-9E51-DFCB9E540760}.Debug|Any CPU.Build.0 = Debug|Any CPU
		{55F9BA0B-570F-4A9F-9E51-DFCB9E540760}.Release|Any CPU.ActiveCfg = Release|Any CPU
		{55F9BA0B-570F-4A9F-9E51-DFCB9E540760}.Release|Any CPU.Build.0 = Release|Any CPU
		{40D4A185-8409-407B-83CA-FD983DF04833}.Debug|Any CPU.ActiveCfg = Debug|Any CPU
		{40D4A185-8409-407B-83CA-FD983DF04833}.Debug|Any CPU.Build.0 = Debug|Any CPU
		{40D4A185-8409-407B-83CA-FD983DF04833}.Release|Any CPU.ActiveCfg = Release|Any CPU
		{40D4A185-8409-407B-83CA-FD983DF04833}.Release|Any CPU.Build.0 = Release|Any CPU
		{F8A3F8E7-975B-4A5C-89A1-5148DDD97257}.Debug|Any CPU.ActiveCfg = Debug|Any CPU
		{F8A3F8E7-975B-4A5C-89A1-5148DDD97257}.Debug|Any CPU.Build.0 = Debug|Any CPU
		{F8A3F8E7-975B-4A5C-89A1-5148DDD97257}.Release|Any CPU.ActiveCfg = Release|Any CPU
		{F8A3F8E7-975B-4A5C-89A1-5148DDD97257}.Release|Any CPU.Build.0 = Release|Any CPU
	EndGlobalSection
	GlobalSection(SolutionProperties) = preSolution
		HideSolutionNode = FALSE
	EndGlobalSection
	GlobalSection(ExtensibilityGlobals) = postSolution
		SolutionGuid = {A71DDAC6-3E12-4AA7-9111-950B5BF19103}
	EndGlobalSection
EndGlobal
